
Microsoft Visual Studio Solution File, Format Version 12.00
# Visual Studio 14
VisualStudioVersion = 14.0.23107.0
MinimumVisualStudioVersion = 10.0.40219.1
Project("{2150E333-8FDC-42A3-9474-1A3956D46DE8}") = "Data", "Data", "{F5183283-B47E-418C-B4E1-485C03F1BAE2}"
EndProject
Project("{2150E333-8FDC-42A3-9474-1A3956D46DE8}") = "Web", "Web", "{00C26A93-EC34-42F9-A28D-F78A5F64144A}"
EndProject
Project("{FAE04EC0-301F-11D3-BF4B-00C04F79EFBC}") = "Twitter.Data", "Twitter.Data\Twitter.Data.csproj", "{AD63D447-FAC6-44F5-9C2B-0BC313D0FE01}"
EndProject
Project("{FAE04EC0-301F-11D3-BF4B-00C04F79EFBC}") = "Twitter.Models", "Twitter.Models\Twitter.Models.csproj", "{FF43D77F-A47A-446F-AA8C-766E6D5F1A6C}"
EndProject
Project("{FAE04EC0-301F-11D3-BF4B-00C04F79EFBC}") = "Twitter.Web", "Twitter.Web\Twitter.Web.csproj", "{2F060887-1952-4FAC-BE67-ED3A6A0D3242}"
EndProject
Project("{2150E333-8FDC-42A3-9474-1A3956D46DE8}") = "Common", "Common", "{EAE05EDF-D14C-4DDB-96DF-F26F7C1BA4CB}"
EndProject
Project("{FAE04EC0-301F-11D3-BF4B-00C04F79EFBC}") = "Twitter.Common", "Twitter.Common\Twitter.Common.csproj", "{398B1F2E-9EAF-448A-9E6B-D15E2351225B}"
EndProject
Global
	GlobalSection(SolutionConfigurationPlatforms) = preSolution
		Debug|Any CPU = Debug|Any CPU
		Release|Any CPU = Release|Any CPU
	EndGlobalSection
	GlobalSection(ProjectConfigurationPlatforms) = postSolution
		{AD63D447-FAC6-44F5-9C2B-0BC313D0FE01}.Debug|Any CPU.ActiveCfg = Debug|Any CPU
		{AD63D447-FAC6-44F5-9C2B-0BC313D0FE01}.Debug|Any CPU.Build.0 = Debug|Any CPU
		{AD63D447-FAC6-44F5-9C2B-0BC313D0FE01}.Release|Any CPU.ActiveCfg = Release|Any CPU
		{AD63D447-FAC6-44F5-9C2B-0BC313D0FE01}.Release|Any CPU.Build.0 = Release|Any CPU
		{FF43D77F-A47A-446F-AA8C-766E6D5F1A6C}.Debug|Any CPU.ActiveCfg = Debug|Any CPU
		{FF43D77F-A47A-446F-AA8C-766E6D5F1A6C}.Debug|Any CPU.Build.0 = Debug|Any CPU
		{FF43D77F-A47A-446F-AA8C-766E6D5F1A6C}.Release|Any CPU.ActiveCfg = Release|Any CPU
		{FF43D77F-A47A-446F-AA8C-766E6D5F1A6C}.Release|Any CPU.Build.0 = Release|Any CPU
		{2F060887-1952-4FAC-BE67-ED3A6A0D3242}.Debug|Any CPU.ActiveCfg = Debug|Any CPU
		{2F060887-1952-4FAC-BE67-ED3A6A0D3242}.Debug|Any CPU.Build.0 = Debug|Any CPU
		{2F060887-1952-4FAC-BE67-ED3A6A0D3242}.Release|Any CPU.ActiveCfg = Release|Any CPU
		{2F060887-1952-4FAC-BE67-ED3A6A0D3242}.Release|Any CPU.Build.0 = Release|Any CPU
		{398B1F2E-9EAF-448A-9E6B-D15E2351225B}.Debug|Any CPU.ActiveCfg = Debug|Any CPU
		{398B1F2E-9EAF-448A-9E6B-D15E2351225B}.Debug|Any CPU.Build.0 = Debug|Any CPU
		{398B1F2E-9EAF-448A-9E6B-D15E2351225B}.Release|Any CPU.ActiveCfg = Release|Any CPU
		{398B1F2E-9EAF-448A-9E6B-D15E2351225B}.Release|Any CPU.Build.0 = Release|Any CPU
	EndGlobalSection
	GlobalSection(SolutionProperties) = preSolution
		HideSolutionNode = FALSE
	EndGlobalSection
	GlobalSection(NestedProjects) = preSolution
		{AD63D447-FAC6-44F5-9C2B-0BC313D0FE01} = {F5183283-B47E-418C-B4E1-485C03F1BAE2}
		{FF43D77F-A47A-446F-AA8C-766E6D5F1A6C} = {F5183283-B47E-418C-B4E1-485C03F1BAE2}
		{2F060887-1952-4FAC-BE67-ED3A6A0D3242} = {00C26A93-EC34-42F9-A28D-F78A5F64144A}
		{398B1F2E-9EAF-448A-9E6B-D15E2351225B} = {EAE05EDF-D14C-4DDB-96DF-F26F7C1BA4CB}
	EndGlobalSection
EndGlobal
